// !$*UTF8*$!
{
	archiveVersion = 1;
	classes = {
	};
	objectVersion = 46;
	objects = {

/* Begin PBXBuildFile section */
		52DB540022D3A08A005A0F30 /* main.m in Sources */ = {isa = PBXBuildFile; fileRef = 52DB53FF22D3A08A005A0F30 /* main.m */; };
		52DB540322D3A08A005A0F30 /* AppDelegate.m in Sources */ = {isa = PBXBuildFile; fileRef = 52DB540222D3A08A005A0F30 /* AppDelegate.m */; };
		52DB540622D3A08A005A0F30 /* ViewController.m in Sources */ = {isa = PBXBuildFile; fileRef = 52DB540522D3A08A005A0F30 /* ViewController.m */; };
		52DB540922D3A08A005A0F30 /* Main.storyboard in Resources */ = {isa = PBXBuildFile; fileRef = 52DB540722D3A08A005A0F30 /* Main.storyboard */; };
		52DB540B22D3A08A005A0F30 /* Assets.xcassets in Resources */ = {isa = PBXBuildFile; fileRef = 52DB540A22D3A08A005A0F30 /* Assets.xcassets */; };
		52DB540E22D3A08A005A0F30 /* LaunchScreen.storyboard in Resources */ = {isa = PBXBuildFile; fileRef = 52DB540C22D3A08A005A0F30 /* LaunchScreen.storyboard */; };
		52DB541922D3A08A005A0F30 /* ios_protocolanddelegateTests.m in Sources */ = {isa = PBXBuildFile; fileRef = 52DB541822D3A08A005A0F30 /* ios_protocolanddelegateTests.m */; };
		52DB542422D3A08A005A0F30 /* ios_protocolanddelegateUITests.m in Sources */ = {isa = PBXBuildFile; fileRef = 52DB542322D3A08A005A0F30 /* ios_protocolanddelegateUITests.m */; };
		52DB543422D3A1E2005A0F30 /* Human.m in Sources */ = {isa = PBXBuildFile; fileRef = 52DB543322D3A1E2005A0F30 /* Human.m */; };
		52DB543722D3A211005A0F30 /* Dog.m in Sources */ = {isa = PBXBuildFile; fileRef = 52DB543622D3A211005A0F30 /* Dog.m */; };
/* End PBXBuildFile section */

/* Begin PBXContainerItemProxy section */
		52DB541522D3A08A005A0F30 /* PBXContainerItemProxy */ = {
			isa = PBXContainerItemProxy;
			containerPortal = 52DB53F322D3A08A005A0F30 /* Project object */;
			proxyType = 1;
			remoteGlobalIDString = 52DB53FA22D3A08A005A0F30;
			remoteInfo = "ios-protocolanddelegate";
		};
		52DB542022D3A08A005A0F30 /* PBXContainerItemProxy */ = {
			isa = PBXContainerItemProxy;
			containerPortal = 52DB53F322D3A08A005A0F30 /* Project object */;
			proxyType = 1;
			remoteGlobalIDString = 52DB53FA22D3A08A005A0F30;
			remoteInfo = "ios-protocolanddelegate";
		};
/* End PBXContainerItemProxy section */

/* Begin PBXFileReference section */
		52DB53FB22D3A08A005A0F30 /* ios-protocolanddelegate.app */ = {isa = PBXFileReference; explicitFileType = wrapper.application; includeInIndex = 0; path = "ios-protocolanddelegate.app"; sourceTree = BUILT_PRODUCTS_DIR; };
		52DB53FF22D3A08A005A0F30 /* main.m */ = {isa = PBXFileReference; lastKnownFileType = sourcecode.c.objc; path = main.m; sourceTree = "<group>"; };
		52DB540122D3A08A005A0F30 /* AppDelegate.h */ = {isa = PBXFileReference; lastKnownFileType = sourcecode.c.h; path = AppDelegate.h; sourceTree = "<group>"; };
		52DB540222D3A08A005A0F30 /* AppDelegate.m */ = {isa = PBXFileReference; lastKnownFileType = sourcecode.c.objc; path = AppDelegate.m; sourceTree = "<group>"; };
		52DB540422D3A08A005A0F30 /* ViewController.h */ = {isa = PBXFileReference; lastKnownFileType = sourcecode.c.h; path = ViewController.h; sourceTree = "<group>"; };
		52DB540522D3A08A005A0F30 /* ViewController.m */ = {isa = PBXFileReference; lastKnownFileType = sourcecode.c.objc; path = ViewController.m; sourceTree = "<group>"; };
		52DB540822D3A08A005A0F30 /* Base */ = {isa = PBXFileReference; lastKnownFileType = file.storyboard; name = Base; path = Base.lproj/Main.storyboard; sourceTree = "<group>"; };
		52DB540A22D3A08A005A0F30 /* Assets.xcassets */ = {isa = PBXFileReference; lastKnownFileType = folder.assetcatalog; path = Assets.xcassets; sourceTree = "<group>"; };
		52DB540D22D3A08A005A0F30 /* Base */ = {isa = PBXFileReference; lastKnownFileType = file.storyboard; name = Base; path = Base.lproj/LaunchScreen.storyboard; sourceTree = "<group>"; };
		52DB540F22D3A08A005A0F30 /* Info.plist */ = {isa = PBXFileReference; lastKnownFileType = text.plist.xml; path = Info.plist; sourceTree = "<group>"; };
		52DB541422D3A08A005A0F30 /* ios-protocolanddelegateTests.xctest */ = {isa = PBXFileReference; explicitFileType = wrapper.cfbundle; includeInIndex = 0; path = "ios-protocolanddelegateTests.xctest"; sourceTree = BUILT_PRODUCTS_DIR; };
		52DB541822D3A08A005A0F30 /* ios_protocolanddelegateTests.m */ = {isa = PBXFileReference; lastKnownFileType = sourcecode.c.objc; path = ios_protocolanddelegateTests.m; sourceTree = "<group>"; };
		52DB541A22D3A08A005A0F30 /* Info.plist */ = {isa = PBXFileReference; lastKnownFileType = text.plist.xml; path = Info.plist; sourceTree = "<group>"; };
		52DB541F22D3A08A005A0F30 /* ios-protocolanddelegateUITests.xctest */ = {isa = PBXFileReference; explicitFileType = wrapper.cfbundle; includeInIndex = 0; path = "ios-protocolanddelegateUITests.xctest"; sourceTree = BUILT_PRODUCTS_DIR; };
		52DB542322D3A08A005A0F30 /* ios_protocolanddelegateUITests.m */ = {isa = PBXFileReference; lastKnownFileType = sourcecode.c.objc; path = ios_protocolanddelegateUITests.m; sourceTree = "<group>"; };
		52DB542522D3A08A005A0F30 /* Info.plist */ = {isa = PBXFileReference; lastKnownFileType = text.plist.xml; path = Info.plist; sourceTree = "<group>"; };
		52DB543122D3A10C005A0F30 /* Creature.h */ = {isa = PBXFileReference; fileEncoding = 4; lastKnownFileType = sourcecode.c.h; path = Creature.h; sourceTree = "<group>"; };
		52DB543222D3A1E2005A0F30 /* Human.h */ = {isa = PBXFileReference; fileEncoding = 4; lastKnownFileType = sourcecode.c.h; path = Human.h; sourceTree = "<group>"; };
		52DB543322D3A1E2005A0F30 /* Human.m */ = {isa = PBXFileReference; fileEncoding = 4; lastKnownFileType = sourcecode.c.objc; path = Human.m; sourceTree = "<group>"; };
		52DB543522D3A210005A0F30 /* Dog.h */ = {isa = PBXFileReference; fileEncoding = 4; lastKnownFileType = sourcecode.c.h; path = Dog.h; sourceTree = "<group>"; };
		52DB543622D3A211005A0F30 /* Dog.m */ = {isa = PBXFileReference; fileEncoding = 4; lastKnownFileType = sourcecode.c.objc; path = Dog.m; sourceTree = "<group>"; };
/* End PBXFileReference section */

/* Begin PBXFrameworksBuildPhase section */
		52DB53F822D3A08A005A0F30 /* Frameworks */ = {
			isa = PBXFrameworksBuildPhase;
			buildActionMask = 2147483647;
			files = (
			);
			runOnlyForDeploymentPostprocessing = 0;
		};
		52DB541122D3A08A005A0F30 /* Frameworks */ = {
			isa = PBXFrameworksBuildPhase;
			buildActionMask = 2147483647;
			files = (
			);
			runOnlyForDeploymentPostprocessing = 0;
		};
		52DB541C22D3A08A005A0F30 /* Frameworks */ = {
			isa = PBXFrameworksBuildPhase;
			buildActionMask = 2147483647;
			files = (
			);
			runOnlyForDeploymentPostprocessing = 0;
		};
/* End PBXFrameworksBuildPhase section */

/* Begin PBXGroup section */
		52DB53F222D3A08A005A0F30 = {
			isa = PBXGroup;
			children = (
				52DB53FD22D3A08A005A0F30 /* ios-protocolanddelegate */,
				52DB541722D3A08A005A0F30 /* ios-protocolanddelegateTests */,
				52DB542222D3A08A005A0F30 /* ios-protocolanddelegateUITests */,
				52DB53FC22D3A08A005A0F30 /* Products */,
			);
			sourceTree = "<group>";
		};
		52DB53FC22D3A08A005A0F30 /* Products */ = {
			isa = PBXGroup;
			children = (
				52DB53FB22D3A08A005A0F30 /* ios-protocolanddelegate.app */,
				52DB541422D3A08A005A0F30 /* ios-protocolanddelegateTests.xctest */,
				52DB541F22D3A08A005A0F30 /* ios-protocolanddelegateUITests.xctest */,
			);
			name = Products;
			sourceTree = "<group>";
		};
		52DB53FD22D3A08A005A0F30 /* ios-protocolanddelegate */ = {
			isa = PBXGroup;
			children = (
				52DB540122D3A08A005A0F30 /* AppDelegate.h */,
				52DB540222D3A08A005A0F30 /* AppDelegate.m */,
				52DB540422D3A08A005A0F30 /* ViewController.h */,
				52DB540522D3A08A005A0F30 /* ViewController.m */,
				52DB540722D3A08A005A0F30 /* Main.storyboard */,
				52DB540A22D3A08A005A0F30 /* Assets.xcassets */,
				52DB540C22D3A08A005A0F30 /* LaunchScreen.storyboard */,
				52DB540F22D3A08A005A0F30 /* Info.plist */,
				52DB53FE22D3A08A005A0F30 /* Supporting Files */,
				52DB543122D3A10C005A0F30 /* Creature.h */,
				52DB543222D3A1E2005A0F30 /* Human.h */,
				52DB543322D3A1E2005A0F30 /* Human.m */,
				52DB543522D3A210005A0F30 /* Dog.h */,
				52DB543622D3A211005A0F30 /* Dog.m */,
			);
			path = "ios-protocolanddelegate";
			sourceTree = "<group>";
		};
		52DB53FE22D3A08A005A0F30 /* Supporting Files */ = {
			isa = PBXGroup;
			children = (
				52DB53FF22D3A08A005A0F30 /* main.m */,
			);
			name = "Supporting Files";
			sourceTree = "<group>";
		};
		52DB541722D3A08A005A0F30 /* ios-protocolanddelegateTests */ = {
			isa = PBXGroup;
			children = (
				52DB541822D3A08A005A0F30 /* ios_protocolanddelegateTests.m */,
				52DB541A22D3A08A005A0F30 /* Info.plist */,
			);
			path = "ios-protocolanddelegateTests";
			sourceTree = "<group>";
		};
		52DB542222D3A08A005A0F30 /* ios-protocolanddelegateUITests */ = {
			isa = PBXGroup;
			children = (
				52DB542322D3A08A005A0F30 /* ios_protocolanddelegateUITests.m */,
				52DB542522D3A08A005A0F30 /* Info.plist */,
			);
			path = "ios-protocolanddelegateUITests";
			sourceTree = "<group>";
		};
/* End PBXGroup section */

/* Begin PBXNativeTarget section */
		52DB53FA22D3A08A005A0F30 /* ios-protocolanddelegate */ = {
			isa = PBXNativeTarget;
			buildConfigurationList = 52DB542822D3A08A005A0F30 /* Build configuration list for PBXNativeTarget "ios-protocolanddelegate" */;
			buildPhases = (
				52DB53F722D3A08A005A0F30 /* Sources */,
				52DB53F822D3A08A005A0F30 /* Frameworks */,
				52DB53F922D3A08A005A0F30 /* Resources */,
			);
			buildRules = (
			);
			dependencies = (
			);
			name = "ios-protocolanddelegate";
			productName = "ios-protocolanddelegate";
			productReference = 52DB53FB22D3A08A005A0F30 /* ios-protocolanddelegate.app */;
			productType = "com.apple.product-type.application";
		};
		52DB541322D3A08A005A0F30 /* ios-protocolanddelegateTests */ = {
			isa = PBXNativeTarget;
			buildConfigurationList = 52DB542B22D3A08A005A0F30 /* Build configuration list for PBXNativeTarget "ios-protocolanddelegateTests" */;
			buildPhases = (
				52DB541022D3A08A005A0F30 /* Sources */,
				52DB541122D3A08A005A0F30 /* Frameworks */,
				52DB541222D3A08A005A0F30 /* Resources */,
			);
			buildRules = (
			);
			dependencies = (
				52DB541622D3A08A005A0F30 /* PBXTargetDependency */,
			);
			name = "ios-protocolanddelegateTests";
			productName = "ios-protocolanddelegateTests";
			productReference = 52DB541422D3A08A005A0F30 /* ios-protocolanddelegateTests.xctest */;
			productType = "com.apple.product-type.bundle.unit-test";
		};
		52DB541E22D3A08A005A0F30 /* ios-protocolanddelegateUITests */ = {
			isa = PBXNativeTarget;
			buildConfigurationList = 52DB542E22D3A08A005A0F30 /* Build configuration list for PBXNativeTarget "ios-protocolanddelegateUITests" */;
			buildPhases = (
				52DB541B22D3A08A005A0F30 /* Sources */,
				52DB541C22D3A08A005A0F30 /* Frameworks */,
				52DB541D22D3A08A005A0F30 /* Resources */,
			);
			buildRules = (
			);
			dependencies = (
				52DB542122D3A08A005A0F30 /* PBXTargetDependency */,
			);
			name = "ios-protocolanddelegateUITests";
			productName = "ios-protocolanddelegateUITests";
			productReference = 52DB541F22D3A08A005A0F30 /* ios-protocolanddelegateUITests.xctest */;
			productType = "com.apple.product-type.bundle.ui-testing";
		};
/* End PBXNativeTarget section */

/* Begin PBXProject section */
		52DB53F322D3A08A005A0F30 /* Project object */ = {
			isa = PBXProject;
			attributes = {
				LastUpgradeCheck = 0820;
				ORGANIZATIONNAME = future;
				TargetAttributes = {
					52DB53FA22D3A08A005A0F30 = {
						CreatedOnToolsVersion = 8.2.1;
						ProvisioningStyle = Automatic;
					};
					52DB541322D3A08A005A0F30 = {
						CreatedOnToolsVersion = 8.2.1;
						ProvisioningStyle = Automatic;
						TestTargetID = 52DB53FA22D3A08A005A0F30;
					};
					52DB541E22D3A08A005A0F30 = {
						CreatedOnToolsVersion = 8.2.1;
						ProvisioningStyle = Automatic;
						TestTargetID = 52DB53FA22D3A08A005A0F30;
					};
				};
			};
			buildConfigurationList = 52DB53F622D3A08A005A0F30 /* Build configuration list for PBXProject "ios-protocolanddelegate" */;
			compatibilityVersion = "Xcode 3.2";
			developmentRegion = English;
			hasScannedForEncodings = 0;
			knownRegions = (
				en,
				Base,
			);
			mainGroup = 52DB53F222D3A08A005A0F30;
			productRefGroup = 52DB53FC22D3A08A005A0F30 /* Products */;
			projectDirPath = "";
			projectRoot = "";
			targets = (
				52DB53FA22D3A08A005A0F30 /* ios-protocolanddelegate */,
				52DB541322D3A08A005A0F30 /* ios-protocolanddelegateTests */,
				52DB541E22D3A08A005A0F30 /* ios-protocolanddelegateUITests */,
			);
		};
/* End PBXProject section */

/* Begin PBXResourcesBuildPhase section */
		52DB53F922D3A08A005A0F30 /* Resources */ = {
			isa = PBXResourcesBuildPhase;
			buildActionMask = 2147483647;
			files = (
				52DB540E22D3A08A005A0F30 /* LaunchScreen.storyboard in Resources */,
				52DB540B22D3A08A005A0F30 /* Assets.xcassets in Resources */,
				52DB540922D3A08A005A0F30 /* Main.storyboard in Resources */,
			);
			runOnlyForDeploymentPostprocessing = 0;
		};
		52DB541222D3A08A005A0F30 /* Resources */ = {
			isa = PBXResourcesBuildPhase;
			buildActionMask = 2147483647;
			files = (
			);
			runOnlyForDeploymentPostprocessing = 0;
		};
		52DB541D22D3A08A005A0F30 /* Resources */ = {
			isa = PBXResourcesBuildPhase;
			buildActionMask = 2147483647;
			files = (
			);
			runOnlyForDeploymentPostprocessing = 0;
		};
/* End PBXResourcesBuildPhase section */

/* Begin PBXSourcesBuildPhase section */
		52DB53F722D3A08A005A0F30 /* Sources */ = {
			isa = PBXSourcesBuildPhase;
			buildActionMask = 2147483647;
			files = (
				52DB540622D3A08A005A0F30 /* ViewController.m in Sources */,
				52DB540322D3A08A005A0F30 /* AppDelegate.m in Sources */,
				52DB543722D3A211005A0F30 /* Dog.m in Sources */,
				52DB540022D3A08A005A0F30 /* main.m in Sources */,
				52DB543422D3A1E2005A0F30 /* Human.m in Sources */,
			);
			runOnlyForDeploymentPostprocessing = 0;
		};
		52DB541022D3A08A005A0F30 /* Sources */ = {
			isa = PBXSourcesBuildPhase;
			buildActionMask = 2147483647;
			files = (
				52DB541922D3A08A005A0F30 /* ios_protocolanddelegateTests.m in Sources */,
			);
			runOnlyForDeploymentPostprocessing = 0;
		};
		52DB541B22D3A08A005A0F30 /* Sources */ = {
			isa = PBXSourcesBuildPhase;
			buildActionMask = 2147483647;
			files = (
				52DB542422D3A08A005A0F30 /* ios_protocolanddelegateUITests.m in Sources */,
			);
			runOnlyForDeploymentPostprocessing = 0;
		};
/* End PBXSourcesBuildPhase section */

/* Begin PBXTargetDependency section */
		52DB541622D3A08A005A0F30 /* PBXTargetDependency */ = {
			isa = PBXTargetDependency;
			target = 52DB53FA22D3A08A005A0F30 /* ios-protocolanddelegate */;
			targetProxy = 52DB541522D3A08A005A0F30 /* PBXContainerItemProxy */;
		};
		52DB542122D3A08A005A0F30 /* PBXTargetDependency */ = {
			isa = PBXTargetDependency;
			target = 52DB53FA22D3A08A005A0F30 /* ios-protocolanddelegate */;
			targetProxy = 52DB542022D3A08A005A0F30 /* PBXContainerItemProxy */;
		};
/* End PBXTargetDependency section */

/* Begin PBXVariantGroup section */
		52DB540722D3A08A005A0F30 /* Main.storyboard */ = {
			isa = PBXVariantGroup;
			children = (
				52DB540822D3A08A005A0F30 /* Base */,
			);
			name = Main.storyboard;
			sourceTree = "<group>";
		};
		52DB540C22D3A08A005A0F30 /* LaunchScreen.storyboard */ = {
			isa = PBXVariantGroup;
			children = (
				52DB540D22D3A08A005A0F30 /* Base */,
			);
			name = LaunchScreen.storyboard;
			sourceTree = "<group>";
		};
/* End PBXVariantGroup section */

/* Begin XCBuildConfiguration section */
		52DB542622D3A08A005A0F30 /* Debug */ = {
			isa = XCBuildConfiguration;
			buildSettings = {
				ALWAYS_SEARCH_USER_PATHS = NO;
				CLANG_ANALYZER_NONNULL = YES;
				CLANG_CXX_LANGUAGE_STANDARD = "gnu++0x";
				CLANG_CXX_LIBRARY = "libc++";
				CLANG_ENABLE_MODULES = YES;
				CLANG_ENABLE_OBJC_ARC = YES;
				CLANG_WARN_BOOL_CONVERSION = YES;
				CLANG_WARN_CONSTANT_CONVERSION = YES;
				CLANG_WARN_DIRECT_OBJC_ISA_USAGE = YES_ERROR;
				CLANG_WARN_DOCUMENTATION_COMMENTS = YES;
				CLANG_WARN_EMPTY_BODY = YES;
				CLANG_WARN_ENUM_CONVERSION = YES;
				CLANG_WARN_INFINITE_RECURSION = YES;
				CLANG_WARN_INT_CONVERSION = YES;
				CLANG_WARN_OBJC_ROOT_CLASS = YES_ERROR;
				CLANG_WARN_SUSPICIOUS_MOVE = YES;
				CLANG_WARN_UNREACHABLE_CODE = YES;
				CLANG_WARN__DUPLICATE_METHOD_MATCH = YES;
				"CODE_SIGN_IDENTITY[sdk=iphoneos*]" = "iPhone Developer";
				COPY_PHASE_STRIP = NO;
				DEBUG_INFORMATION_FORMAT = dwarf;
				ENABLE_STRICT_OBJC_MSGSEND = YES;
				ENABLE_TESTABILITY = YES;
				GCC_C_LANGUAGE_STANDARD = gnu99;
				GCC_DYNAMIC_NO_PIC = NO;
				GCC_NO_COMMON_BLOCKS = YES;
				GCC_OPTIMIZATION_LEVEL = 0;
				GCC_PREPROCESSOR_DEFINITIONS = (
					"DEBUG=1",
					"$(inherited)",
				);
				GCC_WARN_64_TO_32_BIT_CONVERSION = YES;
				GCC_WARN_ABOUT_RETURN_TYPE = YES_ERROR;
				GCC_WARN_UNDECLARED_SELECTOR = YES;
				GCC_WARN_UNINITIALIZED_AUTOS = YES_AGGRESSIVE;
				GCC_WARN_UNUSED_FUNCTION = YES;
				GCC_WARN_UNUSED_VARIABLE = YES;
				IPHONEOS_DEPLOYMENT_TARGET = 10.2;
				MTL_ENABLE_DEBUG_INFO = YES;
				ONLY_ACTIVE_ARCH = YES;
				SDKROOT = iphoneos;
			};
			name = Debug;
		};
		52DB542722D3A08A005A0F30 /* Release */ = {
			isa = XCBuildConfiguration;
			buildSettings = {
				ALWAYS_SEARCH_USER_PATHS = NO;
				CLANG_ANALYZER_NONNULL = YES;
				CLANG_CXX_LANGUAGE_STANDARD = "gnu++0x";
				CLANG_CXX_LIBRARY = "libc++";
				CLANG_ENABLE_MODULES = YES;
				CLANG_ENABLE_OBJC_ARC = YES;
				CLANG_WARN_BOOL_CONVERSION = YES;
				CLANG_WARN_CONSTANT_CONVERSION = YES;
				CLANG_WARN_DIRECT_OBJC_ISA_USAGE = YES_ERROR;
				CLANG_WARN_DOCUMENTATION_COMMENTS = YES;
				CLANG_WARN_EMPTY_BODY = YES;
				CLANG_WARN_ENUM_CONVERSION = YES;
				CLANG_WARN_INFINITE_RECURSION = YES;
				CLANG_WARN_INT_CONVERSION = YES;
				CLANG_WARN_OBJC_ROOT_CLASS = YES_ERROR;
				CLANG_WARN_SUSPICIOUS_MOVE = YES;
				CLANG_WARN_UNREACHABLE_CODE = YES;
				CLANG_WARN__DUPLICATE_METHOD_MATCH = YES;
				"CODE_SIGN_IDENTITY[sdk=iphoneos*]" = "iPhone Developer";
				COPY_PHASE_STRIP = NO;
				DEBUG_INFORMATION_FORMAT = "dwarf-with-dsym";
				ENABLE_NS_ASSERTIONS = NO;
				ENABLE_STRICT_OBJC_MSGSEND = YES;
				GCC_C_LANGUAGE_STANDARD = gnu99;
				GCC_NO_COMMON_BLOCKS = YES;
				GCC_WARN_64_TO_32_BIT_CONVERSION = YES;
				GCC_WARN_ABOUT_RETURN_TYPE = YES_ERROR;
				GCC_WARN_UNDECLARED_SELECTOR = YES;
				GCC_WARN_UNINITIALIZED_AUTOS = YES_AGGRESSIVE;
				GCC_WARN_UNUSED_FUNCTION = YES;
				GCC_WARN_UNUSED_VARIABLE = YES;
				IPHONEOS_DEPLOYMENT_TARGET = 10.2;
				MTL_ENABLE_DEBUG_INFO = NO;
				SDKROOT = iphoneos;
				VALIDATE_PRODUCT = YES;
			};
			name = Release;
		};
		52DB542922D3A08A005A0F30 /* Debug */ = {
			isa = XCBuildConfiguration;
			buildSettings = {
				ASSETCATALOG_COMPILER_APPICON_NAME = AppIcon;
				INFOPLIST_FILE = "ios-protocolanddelegate/Info.plist";
				LD_RUNPATH_SEARCH_PATHS = "$(inherited) @executable_path/Frameworks";
				PRODUCT_BUNDLE_IDENTIFIER = "com.future.demo.ios.ios-protocolanddelegate";
				PRODUCT_NAME = "$(TARGET_NAME)";
			};
			name = Debug;
		};
		52DB542A22D3A08A005A0F30 /* Release */ = {
			isa = XCBuildConfiguration;
			buildSettings = {
				ASSETCATALOG_COMPILER_APPICON_NAME = AppIcon;
				INFOPLIST_FILE = "ios-protocolanddelegate/Info.plist";
				LD_RUNPATH_SEARCH_PATHS = "$(inherited) @executable_path/Frameworks";
				PRODUCT_BUNDLE_IDENTIFIER = "com.future.demo.ios.ios-protocolanddelegate";
				PRODUCT_NAME = "$(TARGET_NAME)";
			};
			name = Release;
		};
		52DB542C22D3A08A005A0F30 /* Debug */ = {
			isa = XCBuildConfiguration;
			buildSettings = {
				BUNDLE_LOADER = "$(TEST_HOST)";
				INFOPLIST_FILE = "ios-protocolanddelegateTests/Info.plist";
				LD_RUNPATH_SEARCH_PATHS = "$(inherited) @executable_path/Frameworks @loader_path/Frameworks";
				PRODUCT_BUNDLE_IDENTIFIER = "com.future.demo.ios.ios-protocolanddelegateTests";
				PRODUCT_NAME = "$(TARGET_NAME)";
				TEST_HOST = "$(BUILT_PRODUCTS_DIR)/ios-protocolanddelegate.app/ios-protocolanddelegate";
			};
			name = Debug;
		};
		52DB542D22D3A08A005A0F30 /* Release */ = {
			isa = XCBuildConfiguration;
			buildSettings = {
				BUNDLE_LOADER = "$(TEST_HOST)";
				INFOPLIST_FILE = "ios-protocolanddelegateTests/Info.plist";
				LD_RUNPATH_SEARCH_PATHS = "$(inherited) @executable_path/Frameworks @loader_path/Frameworks";
				PRODUCT_BUNDLE_IDENTIFIER = "com.future.demo.ios.ios-protocolanddelegateTests";
				PRODUCT_NAME = "$(TARGET_NAME)";
				TEST_HOST = "$(BUILT_PRODUCTS_DIR)/ios-protocolanddelegate.app/ios-protocolanddelegate";
			};
			name = Release;
		};
		52DB542F22D3A08A005A0F30 /* Debug */ = {
			isa = XCBuildConfiguration;
			buildSettings = {
				INFOPLIST_FILE = "ios-protocolanddelegateUITests/Info.plist";
				LD_RUNPATH_SEARCH_PATHS = "$(inherited) @executable_path/Frameworks @loader_path/Frameworks";
				PRODUCT_BUNDLE_IDENTIFIER = "com.future.demo.ios.ios-protocolanddelegateUITests";
				PRODUCT_NAME = "$(TARGET_NAME)";
				TEST_TARGET_NAME = "ios-protocolanddelegate";
			};
			name = Debug;
		};
		52DB543022D3A08A005A0F30 /* Release */ = {
			isa = XCBuildConfiguration;
			buildSettings = {
				INFOPLIST_FILE = "ios-protocolanddelegateUITests/Info.plist";
				LD_RUNPATH_SEARCH_PATHS = "$(inherited) @executable_path/Frameworks @loader_path/Frameworks";
				PRODUCT_BUNDLE_IDENTIFIER = "com.future.demo.ios.ios-protocolanddelegateUITests";
				PRODUCT_NAME = "$(TARGET_NAME)";
				TEST_TARGET_NAME = "ios-protocolanddelegate";
			};
			name = Release;
		};
/* End XCBuildConfiguration section */

/* Begin XCConfigurationList section */
		52DB53F622D3A08A005A0F30 /* Build configuration list for PBXProject "ios-protocolanddelegate" */ = {
			isa = XCConfigurationList;
			buildConfigurations = (
				52DB542622D3A08A005A0F30 /* Debug */,
				52DB542722D3A08A005A0F30 /* Release */,
			);
			defaultConfigurationIsVisible = 0;
			defaultConfigurationName = Release;
		};
		52DB542822D3A08A005A0F30 /* Build configuration list for PBXNativeTarget "ios-protocolanddelegate" */ = {
			isa = XCConfigurationList;
			buildConfigurations = (
				52DB542922D3A08A005A0F30 /* Debug */,
				52DB542A22D3A08A005A0F30 /* Release */,
			);
			defaultConfigurationIsVisible = 0;
		};
		52DB542B22D3A08A005A0F30 /* Build configuration list for PBXNativeTarget "ios-protocolanddelegateTests" */ = {
			isa = XCConfigurationList;
			buildConfigurations = (
				52DB542C22D3A08A005A0F30 /* Debug */,
				52DB542D22D3A08A005A0F30 /* Release */,
			);
			defaultConfigurationIsVisible = 0;
		};
		52DB542E22D3A08A005A0F30 /* Build configuration list for PBXNativeTarget "ios-protocolanddelegateUITests" */ = {
			isa = XCConfigurationList;
			buildConfigurations = (
				52DB542F22D3A08A005A0F30 /* Debug */,
				52DB543022D3A08A005A0F30 /* Release */,
			);
			defaultConfigurationIsVisible = 0;
		};
/* End XCConfigurationList section */
	};
	rootObject = 52DB53F322D3A08A005A0F30 /* Project object */;
}
