// !$*UTF8*$!
{
	archiveVersion = 1;
	classes = {
	};
	objectVersion = 46;
	objects = {

/* Begin PBXBuildFile section */
		52482BA922C1A7F6003475DF /* main.m in Sources */ = {isa = PBXBuildFile; fileRef = 52482BA822C1A7F6003475DF /* main.m */; };
		52482BAC22C1A7F6003475DF /* AppDelegate.m in Sources */ = {isa = PBXBuildFile; fileRef = 52482BAB22C1A7F6003475DF /* AppDelegate.m */; };
		52482BAF22C1A7F6003475DF /* ViewController.m in Sources */ = {isa = PBXBuildFile; fileRef = 52482BAE22C1A7F6003475DF /* ViewController.m */; };
		52482BB222C1A7F6003475DF /* Main.storyboard in Resources */ = {isa = PBXBuildFile; fileRef = 52482BB022C1A7F6003475DF /* Main.storyboard */; };
		52482BB422C1A7F6003475DF /* Assets.xcassets in Resources */ = {isa = PBXBuildFile; fileRef = 52482BB322C1A7F6003475DF /* Assets.xcassets */; };
		52482BB722C1A7F6003475DF /* LaunchScreen.storyboard in Resources */ = {isa = PBXBuildFile; fileRef = 52482BB522C1A7F6003475DF /* LaunchScreen.storyboard */; };
		52482BC222C1A7F6003475DF /* ios_directoryTests.m in Sources */ = {isa = PBXBuildFile; fileRef = 52482BC122C1A7F6003475DF /* ios_directoryTests.m */; };
		52482BCD22C1A7F6003475DF /* ios_directoryUITests.m in Sources */ = {isa = PBXBuildFile; fileRef = 52482BCC22C1A7F6003475DF /* ios_directoryUITests.m */; };
/* End PBXBuildFile section */

/* Begin PBXContainerItemProxy section */
		52482BBE22C1A7F6003475DF /* PBXContainerItemProxy */ = {
			isa = PBXContainerItemProxy;
			containerPortal = 52482B9C22C1A7F6003475DF /* Project object */;
			proxyType = 1;
			remoteGlobalIDString = 52482BA322C1A7F6003475DF;
			remoteInfo = "ios-directory";
		};
		52482BC922C1A7F6003475DF /* PBXContainerItemProxy */ = {
			isa = PBXContainerItemProxy;
			containerPortal = 52482B9C22C1A7F6003475DF /* Project object */;
			proxyType = 1;
			remoteGlobalIDString = 52482BA322C1A7F6003475DF;
			remoteInfo = "ios-directory";
		};
/* End PBXContainerItemProxy section */

/* Begin PBXFileReference section */
		52482BA422C1A7F6003475DF /* ios-directory.app */ = {isa = PBXFileReference; explicitFileType = wrapper.application; includeInIndex = 0; path = "ios-directory.app"; sourceTree = BUILT_PRODUCTS_DIR; };
		52482BA822C1A7F6003475DF /* main.m */ = {isa = PBXFileReference; lastKnownFileType = sourcecode.c.objc; path = main.m; sourceTree = "<group>"; };
		52482BAA22C1A7F6003475DF /* AppDelegate.h */ = {isa = PBXFileReference; lastKnownFileType = sourcecode.c.h; path = AppDelegate.h; sourceTree = "<group>"; };
		52482BAB22C1A7F6003475DF /* AppDelegate.m */ = {isa = PBXFileReference; lastKnownFileType = sourcecode.c.objc; path = AppDelegate.m; sourceTree = "<group>"; };
		52482BAD22C1A7F6003475DF /* ViewController.h */ = {isa = PBXFileReference; lastKnownFileType = sourcecode.c.h; path = ViewController.h; sourceTree = "<group>"; };
		52482BAE22C1A7F6003475DF /* ViewController.m */ = {isa = PBXFileReference; lastKnownFileType = sourcecode.c.objc; path = ViewController.m; sourceTree = "<group>"; };
		52482BB122C1A7F6003475DF /* Base */ = {isa = PBXFileReference; lastKnownFileType = file.storyboard; name = Base; path = Base.lproj/Main.storyboard; sourceTree = "<group>"; };
		52482BB322C1A7F6003475DF /* Assets.xcassets */ = {isa = PBXFileReference; lastKnownFileType = folder.assetcatalog; path = Assets.xcassets; sourceTree = "<group>"; };
		52482BB622C1A7F6003475DF /* Base */ = {isa = PBXFileReference; lastKnownFileType = file.storyboard; name = Base; path = Base.lproj/LaunchScreen.storyboard; sourceTree = "<group>"; };
		52482BB822C1A7F6003475DF /* Info.plist */ = {isa = PBXFileReference; lastKnownFileType = text.plist.xml; path = Info.plist; sourceTree = "<group>"; };
		52482BBD22C1A7F6003475DF /* ios-directoryTests.xctest */ = {isa = PBXFileReference; explicitFileType = wrapper.cfbundle; includeInIndex = 0; path = "ios-directoryTests.xctest"; sourceTree = BUILT_PRODUCTS_DIR; };
		52482BC122C1A7F6003475DF /* ios_directoryTests.m */ = {isa = PBXFileReference; lastKnownFileType = sourcecode.c.objc; path = ios_directoryTests.m; sourceTree = "<group>"; };
		52482BC322C1A7F6003475DF /* Info.plist */ = {isa = PBXFileReference; lastKnownFileType = text.plist.xml; path = Info.plist; sourceTree = "<group>"; };
		52482BC822C1A7F6003475DF /* ios-directoryUITests.xctest */ = {isa = PBXFileReference; explicitFileType = wrapper.cfbundle; includeInIndex = 0; path = "ios-directoryUITests.xctest"; sourceTree = BUILT_PRODUCTS_DIR; };
		52482BCC22C1A7F6003475DF /* ios_directoryUITests.m */ = {isa = PBXFileReference; lastKnownFileType = sourcecode.c.objc; path = ios_directoryUITests.m; sourceTree = "<group>"; };
		52482BCE22C1A7F6003475DF /* Info.plist */ = {isa = PBXFileReference; lastKnownFileType = text.plist.xml; path = Info.plist; sourceTree = "<group>"; };
/* End PBXFileReference section */

/* Begin PBXFrameworksBuildPhase section */
		52482BA122C1A7F6003475DF /* Frameworks */ = {
			isa = PBXFrameworksBuildPhase;
			buildActionMask = 2147483647;
			files = (
			);
			runOnlyForDeploymentPostprocessing = 0;
		};
		52482BBA22C1A7F6003475DF /* Frameworks */ = {
			isa = PBXFrameworksBuildPhase;
			buildActionMask = 2147483647;
			files = (
			);
			runOnlyForDeploymentPostprocessing = 0;
		};
		52482BC522C1A7F6003475DF /* Frameworks */ = {
			isa = PBXFrameworksBuildPhase;
			buildActionMask = 2147483647;
			files = (
			);
			runOnlyForDeploymentPostprocessing = 0;
		};
/* End PBXFrameworksBuildPhase section */

/* Begin PBXGroup section */
		52482B9B22C1A7F6003475DF = {
			isa = PBXGroup;
			children = (
				52482BA622C1A7F6003475DF /* ios-directory */,
				52482BC022C1A7F6003475DF /* ios-directoryTests */,
				52482BCB22C1A7F6003475DF /* ios-directoryUITests */,
				52482BA522C1A7F6003475DF /* Products */,
			);
			sourceTree = "<group>";
		};
		52482BA522C1A7F6003475DF /* Products */ = {
			isa = PBXGroup;
			children = (
				52482BA422C1A7F6003475DF /* ios-directory.app */,
				52482BBD22C1A7F6003475DF /* ios-directoryTests.xctest */,
				52482BC822C1A7F6003475DF /* ios-directoryUITests.xctest */,
			);
			name = Products;
			sourceTree = "<group>";
		};
		52482BA622C1A7F6003475DF /* ios-directory */ = {
			isa = PBXGroup;
			children = (
				52482BAA22C1A7F6003475DF /* AppDelegate.h */,
				52482BAB22C1A7F6003475DF /* AppDelegate.m */,
				52482BAD22C1A7F6003475DF /* ViewController.h */,
				52482BAE22C1A7F6003475DF /* ViewController.m */,
				52482BB022C1A7F6003475DF /* Main.storyboard */,
				52482BB322C1A7F6003475DF /* Assets.xcassets */,
				52482BB522C1A7F6003475DF /* LaunchScreen.storyboard */,
				52482BB822C1A7F6003475DF /* Info.plist */,
				52482BA722C1A7F6003475DF /* Supporting Files */,
			);
			path = "ios-directory";
			sourceTree = "<group>";
		};
		52482BA722C1A7F6003475DF /* Supporting Files */ = {
			isa = PBXGroup;
			children = (
				52482BA822C1A7F6003475DF /* main.m */,
			);
			name = "Supporting Files";
			sourceTree = "<group>";
		};
		52482BC022C1A7F6003475DF /* ios-directoryTests */ = {
			isa = PBXGroup;
			children = (
				52482BC122C1A7F6003475DF /* ios_directoryTests.m */,
				52482BC322C1A7F6003475DF /* Info.plist */,
			);
			path = "ios-directoryTests";
			sourceTree = "<group>";
		};
		52482BCB22C1A7F6003475DF /* ios-directoryUITests */ = {
			isa = PBXGroup;
			children = (
				52482BCC22C1A7F6003475DF /* ios_directoryUITests.m */,
				52482BCE22C1A7F6003475DF /* Info.plist */,
			);
			path = "ios-directoryUITests";
			sourceTree = "<group>";
		};
/* End PBXGroup section */

/* Begin PBXNativeTarget section */
		52482BA322C1A7F6003475DF /* ios-directory */ = {
			isa = PBXNativeTarget;
			buildConfigurationList = 52482BD122C1A7F6003475DF /* Build configuration list for PBXNativeTarget "ios-directory" */;
			buildPhases = (
				52482BA022C1A7F6003475DF /* Sources */,
				52482BA122C1A7F6003475DF /* Frameworks */,
				52482BA222C1A7F6003475DF /* Resources */,
			);
			buildRules = (
			);
			dependencies = (
			);
			name = "ios-directory";
			productName = "ios-directory";
			productReference = 52482BA422C1A7F6003475DF /* ios-directory.app */;
			productType = "com.apple.product-type.application";
		};
		52482BBC22C1A7F6003475DF /* ios-directoryTests */ = {
			isa = PBXNativeTarget;
			buildConfigurationList = 52482BD422C1A7F6003475DF /* Build configuration list for PBXNativeTarget "ios-directoryTests" */;
			buildPhases = (
				52482BB922C1A7F6003475DF /* Sources */,
				52482BBA22C1A7F6003475DF /* Frameworks */,
				52482BBB22C1A7F6003475DF /* Resources */,
			);
			buildRules = (
			);
			dependencies = (
				52482BBF22C1A7F6003475DF /* PBXTargetDependency */,
			);
			name = "ios-directoryTests";
			productName = "ios-directoryTests";
			productReference = 52482BBD22C1A7F6003475DF /* ios-directoryTests.xctest */;
			productType = "com.apple.product-type.bundle.unit-test";
		};
		52482BC722C1A7F6003475DF /* ios-directoryUITests */ = {
			isa = PBXNativeTarget;
			buildConfigurationList = 52482BD722C1A7F6003475DF /* Build configuration list for PBXNativeTarget "ios-directoryUITests" */;
			buildPhases = (
				52482BC422C1A7F6003475DF /* Sources */,
				52482BC522C1A7F6003475DF /* Frameworks */,
				52482BC622C1A7F6003475DF /* Resources */,
			);
			buildRules = (
			);
			dependencies = (
				52482BCA22C1A7F6003475DF /* PBXTargetDependency */,
			);
			name = "ios-directoryUITests";
			productName = "ios-directoryUITests";
			productReference = 52482BC822C1A7F6003475DF /* ios-directoryUITests.xctest */;
			productType = "com.apple.product-type.bundle.ui-testing";
		};
/* End PBXNativeTarget section */

/* Begin PBXProject section */
		52482B9C22C1A7F6003475DF /* Project object */ = {
			isa = PBXProject;
			attributes = {
				LastUpgradeCheck = 0820;
				ORGANIZATIONNAME = future;
				TargetAttributes = {
					52482BA322C1A7F6003475DF = {
						CreatedOnToolsVersion = 8.2.1;
						ProvisioningStyle = Automatic;
					};
					52482BBC22C1A7F6003475DF = {
						CreatedOnToolsVersion = 8.2.1;
						ProvisioningStyle = Automatic;
						TestTargetID = 52482BA322C1A7F6003475DF;
					};
					52482BC722C1A7F6003475DF = {
						CreatedOnToolsVersion = 8.2.1;
						ProvisioningStyle = Automatic;
						TestTargetID = 52482BA322C1A7F6003475DF;
					};
				};
			};
			buildConfigurationList = 52482B9F22C1A7F6003475DF /* Build configuration list for PBXProject "ios-directory" */;
			compatibilityVersion = "Xcode 3.2";
			developmentRegion = English;
			hasScannedForEncodings = 0;
			knownRegions = (
				en,
				Base,
			);
			mainGroup = 52482B9B22C1A7F6003475DF;
			productRefGroup = 52482BA522C1A7F6003475DF /* Products */;
			projectDirPath = "";
			projectRoot = "";
			targets = (
				52482BA322C1A7F6003475DF /* ios-directory */,
				52482BBC22C1A7F6003475DF /* ios-directoryTests */,
				52482BC722C1A7F6003475DF /* ios-directoryUITests */,
			);
		};
/* End PBXProject section */

/* Begin PBXResourcesBuildPhase section */
		52482BA222C1A7F6003475DF /* Resources */ = {
			isa = PBXResourcesBuildPhase;
			buildActionMask = 2147483647;
			files = (
				52482BB722C1A7F6003475DF /* LaunchScreen.storyboard in Resources */,
				52482BB422C1A7F6003475DF /* Assets.xcassets in Resources */,
				52482BB222C1A7F6003475DF /* Main.storyboard in Resources */,
			);
			runOnlyForDeploymentPostprocessing = 0;
		};
		52482BBB22C1A7F6003475DF /* Resources */ = {
			isa = PBXResourcesBuildPhase;
			buildActionMask = 2147483647;
			files = (
			);
			runOnlyForDeploymentPostprocessing = 0;
		};
		52482BC622C1A7F6003475DF /* Resources */ = {
			isa = PBXResourcesBuildPhase;
			buildActionMask = 2147483647;
			files = (
			);
			runOnlyForDeploymentPostprocessing = 0;
		};
/* End PBXResourcesBuildPhase section */

/* Begin PBXSourcesBuildPhase section */
		52482BA022C1A7F6003475DF /* Sources */ = {
			isa = PBXSourcesBuildPhase;
			buildActionMask = 2147483647;
			files = (
				52482BAF22C1A7F6003475DF /* ViewController.m in Sources */,
				52482BAC22C1A7F6003475DF /* AppDelegate.m in Sources */,
				52482BA922C1A7F6003475DF /* main.m in Sources */,
			);
			runOnlyForDeploymentPostprocessing = 0;
		};
		52482BB922C1A7F6003475DF /* Sources */ = {
			isa = PBXSourcesBuildPhase;
			buildActionMask = 2147483647;
			files = (
				52482BC222C1A7F6003475DF /* ios_directoryTests.m in Sources */,
			);
			runOnlyForDeploymentPostprocessing = 0;
		};
		52482BC422C1A7F6003475DF /* Sources */ = {
			isa = PBXSourcesBuildPhase;
			buildActionMask = 2147483647;
			files = (
				52482BCD22C1A7F6003475DF /* ios_directoryUITests.m in Sources */,
			);
			runOnlyForDeploymentPostprocessing = 0;
		};
/* End PBXSourcesBuildPhase section */

/* Begin PBXTargetDependency section */
		52482BBF22C1A7F6003475DF /* PBXTargetDependency */ = {
			isa = PBXTargetDependency;
			target = 52482BA322C1A7F6003475DF /* ios-directory */;
			targetProxy = 52482BBE22C1A7F6003475DF /* PBXContainerItemProxy */;
		};
		52482BCA22C1A7F6003475DF /* PBXTargetDependency */ = {
			isa = PBXTargetDependency;
			target = 52482BA322C1A7F6003475DF /* ios-directory */;
			targetProxy = 52482BC922C1A7F6003475DF /* PBXContainerItemProxy */;
		};
/* End PBXTargetDependency section */

/* Begin PBXVariantGroup section */
		52482BB022C1A7F6003475DF /* Main.storyboard */ = {
			isa = PBXVariantGroup;
			children = (
				52482BB122C1A7F6003475DF /* Base */,
			);
			name = Main.storyboard;
			sourceTree = "<group>";
		};
		52482BB522C1A7F6003475DF /* LaunchScreen.storyboard */ = {
			isa = PBXVariantGroup;
			children = (
				52482BB622C1A7F6003475DF /* Base */,
			);
			name = LaunchScreen.storyboard;
			sourceTree = "<group>";
		};
/* End PBXVariantGroup section */

/* Begin XCBuildConfiguration section */
		52482BCF22C1A7F6003475DF /* Debug */ = {
			isa = XCBuildConfiguration;
			buildSettings = {
				ALWAYS_SEARCH_USER_PATHS = NO;
				CLANG_ANALYZER_NONNULL = YES;
				CLANG_CXX_LANGUAGE_STANDARD = "gnu++0x";
				CLANG_CXX_LIBRARY = "libc++";
				CLANG_ENABLE_MODULES = YES;
				CLANG_ENABLE_OBJC_ARC = YES;
				CLANG_WARN_BOOL_CONVERSION = YES;
				CLANG_WARN_CONSTANT_CONVERSION = YES;
				CLANG_WARN_DIRECT_OBJC_ISA_USAGE = YES_ERROR;
				CLANG_WARN_DOCUMENTATION_COMMENTS = YES;
				CLANG_WARN_EMPTY_BODY = YES;
				CLANG_WARN_ENUM_CONVERSION = YES;
				CLANG_WARN_INFINITE_RECURSION = YES;
				CLANG_WARN_INT_CONVERSION = YES;
				CLANG_WARN_OBJC_ROOT_CLASS = YES_ERROR;
				CLANG_WARN_SUSPICIOUS_MOVE = YES;
				CLANG_WARN_UNREACHABLE_CODE = YES;
				CLANG_WARN__DUPLICATE_METHOD_MATCH = YES;
				"CODE_SIGN_IDENTITY[sdk=iphoneos*]" = "iPhone Developer";
				COPY_PHASE_STRIP = NO;
				DEBUG_INFORMATION_FORMAT = dwarf;
				ENABLE_STRICT_OBJC_MSGSEND = YES;
				ENABLE_TESTABILITY = YES;
				GCC_C_LANGUAGE_STANDARD = gnu99;
				GCC_DYNAMIC_NO_PIC = NO;
				GCC_NO_COMMON_BLOCKS = YES;
				GCC_OPTIMIZATION_LEVEL = 0;
				GCC_PREPROCESSOR_DEFINITIONS = (
					"DEBUG=1",
					"$(inherited)",
				);
				GCC_WARN_64_TO_32_BIT_CONVERSION = YES;
				GCC_WARN_ABOUT_RETURN_TYPE = YES_ERROR;
				GCC_WARN_UNDECLARED_SELECTOR = YES;
				GCC_WARN_UNINITIALIZED_AUTOS = YES_AGGRESSIVE;
				GCC_WARN_UNUSED_FUNCTION = YES;
				GCC_WARN_UNUSED_VARIABLE = YES;
				IPHONEOS_DEPLOYMENT_TARGET = 10.2;
				MTL_ENABLE_DEBUG_INFO = YES;
				ONLY_ACTIVE_ARCH = YES;
				SDKROOT = iphoneos;
				TARGETED_DEVICE_FAMILY = "1,2";
			};
			name = Debug;
		};
		52482BD022C1A7F6003475DF /* Release */ = {
			isa = XCBuildConfiguration;
			buildSettings = {
				ALWAYS_SEARCH_USER_PATHS = NO;
				CLANG_ANALYZER_NONNULL = YES;
				CLANG_CXX_LANGUAGE_STANDARD = "gnu++0x";
				CLANG_CXX_LIBRARY = "libc++";
				CLANG_ENABLE_MODULES = YES;
				CLANG_ENABLE_OBJC_ARC = YES;
				CLANG_WARN_BOOL_CONVERSION = YES;
				CLANG_WARN_CONSTANT_CONVERSION = YES;
				CLANG_WARN_DIRECT_OBJC_ISA_USAGE = YES_ERROR;
				CLANG_WARN_DOCUMENTATION_COMMENTS = YES;
				CLANG_WARN_EMPTY_BODY = YES;
				CLANG_WARN_ENUM_CONVERSION = YES;
				CLANG_WARN_INFINITE_RECURSION = YES;
				CLANG_WARN_INT_CONVERSION = YES;
				CLANG_WARN_OBJC_ROOT_CLASS = YES_ERROR;
				CLANG_WARN_SUSPICIOUS_MOVE = YES;
				CLANG_WARN_UNREACHABLE_CODE = YES;
				CLANG_WARN__DUPLICATE_METHOD_MATCH = YES;
				"CODE_SIGN_IDENTITY[sdk=iphoneos*]" = "iPhone Developer";
				COPY_PHASE_STRIP = NO;
				DEBUG_INFORMATION_FORMAT = "dwarf-with-dsym";
				ENABLE_NS_ASSERTIONS = NO;
				ENABLE_STRICT_OBJC_MSGSEND = YES;
				GCC_C_LANGUAGE_STANDARD = gnu99;
				GCC_NO_COMMON_BLOCKS = YES;
				GCC_WARN_64_TO_32_BIT_CONVERSION = YES;
				GCC_WARN_ABOUT_RETURN_TYPE = YES_ERROR;
				GCC_WARN_UNDECLARED_SELECTOR = YES;
				GCC_WARN_UNINITIALIZED_AUTOS = YES_AGGRESSIVE;
				GCC_WARN_UNUSED_FUNCTION = YES;
				GCC_WARN_UNUSED_VARIABLE = YES;
				IPHONEOS_DEPLOYMENT_TARGET = 10.2;
				MTL_ENABLE_DEBUG_INFO = NO;
				SDKROOT = iphoneos;
				TARGETED_DEVICE_FAMILY = "1,2";
				VALIDATE_PRODUCT = YES;
			};
			name = Release;
		};
		52482BD222C1A7F6003475DF /* Debug */ = {
			isa = XCBuildConfiguration;
			buildSettings = {
				ASSETCATALOG_COMPILER_APPICON_NAME = AppIcon;
				INFOPLIST_FILE = "ios-directory/Info.plist";
				LD_RUNPATH_SEARCH_PATHS = "$(inherited) @executable_path/Frameworks";
				PRODUCT_BUNDLE_IDENTIFIER = "com.future.demo.ios.ios-directory";
				PRODUCT_NAME = "$(TARGET_NAME)";
			};
			name = Debug;
		};
		52482BD322C1A7F6003475DF /* Release */ = {
			isa = XCBuildConfiguration;
			buildSettings = {
				ASSETCATALOG_COMPILER_APPICON_NAME = AppIcon;
				INFOPLIST_FILE = "ios-directory/Info.plist";
				LD_RUNPATH_SEARCH_PATHS = "$(inherited) @executable_path/Frameworks";
				PRODUCT_BUNDLE_IDENTIFIER = "com.future.demo.ios.ios-directory";
				PRODUCT_NAME = "$(TARGET_NAME)";
			};
			name = Release;
		};
		52482BD522C1A7F6003475DF /* Debug */ = {
			isa = XCBuildConfiguration;
			buildSettings = {
				BUNDLE_LOADER = "$(TEST_HOST)";
				INFOPLIST_FILE = "ios-directoryTests/Info.plist";
				LD_RUNPATH_SEARCH_PATHS = "$(inherited) @executable_path/Frameworks @loader_path/Frameworks";
				PRODUCT_BUNDLE_IDENTIFIER = "com.future.demo.ios.ios-directoryTests";
				PRODUCT_NAME = "$(TARGET_NAME)";
				TEST_HOST = "$(BUILT_PRODUCTS_DIR)/ios-directory.app/ios-directory";
			};
			name = Debug;
		};
		52482BD622C1A7F6003475DF /* Release */ = {
			isa = XCBuildConfiguration;
			buildSettings = {
				BUNDLE_LOADER = "$(TEST_HOST)";
				INFOPLIST_FILE = "ios-directoryTests/Info.plist";
				LD_RUNPATH_SEARCH_PATHS = "$(inherited) @executable_path/Frameworks @loader_path/Frameworks";
				PRODUCT_BUNDLE_IDENTIFIER = "com.future.demo.ios.ios-directoryTests";
				PRODUCT_NAME = "$(TARGET_NAME)";
				TEST_HOST = "$(BUILT_PRODUCTS_DIR)/ios-directory.app/ios-directory";
			};
			name = Release;
		};
		52482BD822C1A7F6003475DF /* Debug */ = {
			isa = XCBuildConfiguration;
			buildSettings = {
				INFOPLIST_FILE = "ios-directoryUITests/Info.plist";
				LD_RUNPATH_SEARCH_PATHS = "$(inherited) @executable_path/Frameworks @loader_path/Frameworks";
				PRODUCT_BUNDLE_IDENTIFIER = "com.future.demo.ios.ios-directoryUITests";
				PRODUCT_NAME = "$(TARGET_NAME)";
				TEST_TARGET_NAME = "ios-directory";
			};
			name = Debug;
		};
		52482BD922C1A7F6003475DF /* Release */ = {
			isa = XCBuildConfiguration;
			buildSettings = {
				INFOPLIST_FILE = "ios-directoryUITests/Info.plist";
				LD_RUNPATH_SEARCH_PATHS = "$(inherited) @executable_path/Frameworks @loader_path/Frameworks";
				PRODUCT_BUNDLE_IDENTIFIER = "com.future.demo.ios.ios-directoryUITests";
				PRODUCT_NAME = "$(TARGET_NAME)";
				TEST_TARGET_NAME = "ios-directory";
			};
			name = Release;
		};
/* End XCBuildConfiguration section */

/* Begin XCConfigurationList section */
		52482B9F22C1A7F6003475DF /* Build configuration list for PBXProject "ios-directory" */ = {
			isa = XCConfigurationList;
			buildConfigurations = (
				52482BCF22C1A7F6003475DF /* Debug */,
				52482BD022C1A7F6003475DF /* Release */,
			);
			defaultConfigurationIsVisible = 0;
			defaultConfigurationName = Release;
		};
		52482BD122C1A7F6003475DF /* Build configuration list for PBXNativeTarget "ios-directory" */ = {
			isa = XCConfigurationList;
			buildConfigurations = (
				52482BD222C1A7F6003475DF /* Debug */,
				52482BD322C1A7F6003475DF /* Release */,
			);
			defaultConfigurationIsVisible = 0;
		};
		52482BD422C1A7F6003475DF /* Build configuration list for PBXNativeTarget "ios-directoryTests" */ = {
			isa = XCConfigurationList;
			buildConfigurations = (
				52482BD522C1A7F6003475DF /* Debug */,
				52482BD622C1A7F6003475DF /* Release */,
			);
			defaultConfigurationIsVisible = 0;
		};
		52482BD722C1A7F6003475DF /* Build configuration list for PBXNativeTarget "ios-directoryUITests" */ = {
			isa = XCConfigurationList;
			buildConfigurations = (
				52482BD822C1A7F6003475DF /* Debug */,
				52482BD922C1A7F6003475DF /* Release */,
			);
			defaultConfigurationIsVisible = 0;
		};
/* End XCConfigurationList section */
	};
	rootObject = 52482B9C22C1A7F6003475DF /* Project object */;
}
