// !$*UTF8*$!
{
	archiveVersion = 1;
	classes = {
	};
	objectVersion = 46;
	objects = {

/* Begin PBXBuildFile section */
		52DB53BB22D38CF1005A0F30 /* main.m in Sources */ = {isa = PBXBuildFile; fileRef = 52DB53BA22D38CF1005A0F30 /* main.m */; };
		52DB53BE22D38CF1005A0F30 /* AppDelegate.m in Sources */ = {isa = PBXBuildFile; fileRef = 52DB53BD22D38CF1005A0F30 /* AppDelegate.m */; };
		52DB53C122D38CF1005A0F30 /* ViewController.m in Sources */ = {isa = PBXBuildFile; fileRef = 52DB53C022D38CF1005A0F30 /* ViewController.m */; };
		52DB53C422D38CF1005A0F30 /* Main.storyboard in Resources */ = {isa = PBXBuildFile; fileRef = 52DB53C222D38CF1005A0F30 /* Main.storyboard */; };
		52DB53C622D38CF1005A0F30 /* Assets.xcassets in Resources */ = {isa = PBXBuildFile; fileRef = 52DB53C522D38CF1005A0F30 /* Assets.xcassets */; };
		52DB53C922D38CF1005A0F30 /* LaunchScreen.storyboard in Resources */ = {isa = PBXBuildFile; fileRef = 52DB53C722D38CF1005A0F30 /* LaunchScreen.storyboard */; };
		52DB53D422D38CF2005A0F30 /* ios_ui_uitabbarcontrollerTests.m in Sources */ = {isa = PBXBuildFile; fileRef = 52DB53D322D38CF2005A0F30 /* ios_ui_uitabbarcontrollerTests.m */; };
		52DB53DF22D38CF2005A0F30 /* ios_ui_uitabbarcontrollerUITests.m in Sources */ = {isa = PBXBuildFile; fileRef = 52DB53DE22D38CF2005A0F30 /* ios_ui_uitabbarcontrollerUITests.m */; };
		52DB53F122D3931C005A0F30 /* MainTabBarViewController.m in Sources */ = {isa = PBXBuildFile; fileRef = 52DB53F022D3931C005A0F30 /* MainTabBarViewController.m */; };
/* End PBXBuildFile section */

/* Begin PBXContainerItemProxy section */
		52DB53D022D38CF2005A0F30 /* PBXContainerItemProxy */ = {
			isa = PBXContainerItemProxy;
			containerPortal = 52DB53AE22D38CF1005A0F30 /* Project object */;
			proxyType = 1;
			remoteGlobalIDString = 52DB53B522D38CF1005A0F30;
			remoteInfo = "ios-ui-uitabbarcontroller";
		};
		52DB53DB22D38CF2005A0F30 /* PBXContainerItemProxy */ = {
			isa = PBXContainerItemProxy;
			containerPortal = 52DB53AE22D38CF1005A0F30 /* Project object */;
			proxyType = 1;
			remoteGlobalIDString = 52DB53B522D38CF1005A0F30;
			remoteInfo = "ios-ui-uitabbarcontroller";
		};
/* End PBXContainerItemProxy section */

/* Begin PBXFileReference section */
		52DB53B622D38CF1005A0F30 /* ios-ui-uitabbarcontroller.app */ = {isa = PBXFileReference; explicitFileType = wrapper.application; includeInIndex = 0; path = "ios-ui-uitabbarcontroller.app"; sourceTree = BUILT_PRODUCTS_DIR; };
		52DB53BA22D38CF1005A0F30 /* main.m */ = {isa = PBXFileReference; lastKnownFileType = sourcecode.c.objc; path = main.m; sourceTree = "<group>"; };
		52DB53BC22D38CF1005A0F30 /* AppDelegate.h */ = {isa = PBXFileReference; lastKnownFileType = sourcecode.c.h; path = AppDelegate.h; sourceTree = "<group>"; };
		52DB53BD22D38CF1005A0F30 /* AppDelegate.m */ = {isa = PBXFileReference; lastKnownFileType = sourcecode.c.objc; path = AppDelegate.m; sourceTree = "<group>"; };
		52DB53BF22D38CF1005A0F30 /* ViewController.h */ = {isa = PBXFileReference; lastKnownFileType = sourcecode.c.h; path = ViewController.h; sourceTree = "<group>"; };
		52DB53C022D38CF1005A0F30 /* ViewController.m */ = {isa = PBXFileReference; lastKnownFileType = sourcecode.c.objc; path = ViewController.m; sourceTree = "<group>"; };
		52DB53C322D38CF1005A0F30 /* Base */ = {isa = PBXFileReference; lastKnownFileType = file.storyboard; name = Base; path = Base.lproj/Main.storyboard; sourceTree = "<group>"; };
		52DB53C522D38CF1005A0F30 /* Assets.xcassets */ = {isa = PBXFileReference; lastKnownFileType = folder.assetcatalog; path = Assets.xcassets; sourceTree = "<group>"; };
		52DB53C822D38CF1005A0F30 /* Base */ = {isa = PBXFileReference; lastKnownFileType = file.storyboard; name = Base; path = Base.lproj/LaunchScreen.storyboard; sourceTree = "<group>"; };
		52DB53CA22D38CF1005A0F30 /* Info.plist */ = {isa = PBXFileReference; lastKnownFileType = text.plist.xml; path = Info.plist; sourceTree = "<group>"; };
		52DB53CF22D38CF2005A0F30 /* ios-ui-uitabbarcontrollerTests.xctest */ = {isa = PBXFileReference; explicitFileType = wrapper.cfbundle; includeInIndex = 0; path = "ios-ui-uitabbarcontrollerTests.xctest"; sourceTree = BUILT_PRODUCTS_DIR; };
		52DB53D322D38CF2005A0F30 /* ios_ui_uitabbarcontrollerTests.m */ = {isa = PBXFileReference; lastKnownFileType = sourcecode.c.objc; path = ios_ui_uitabbarcontrollerTests.m; sourceTree = "<group>"; };
		52DB53D522D38CF2005A0F30 /* Info.plist */ = {isa = PBXFileReference; lastKnownFileType = text.plist.xml; path = Info.plist; sourceTree = "<group>"; };
		52DB53DA22D38CF2005A0F30 /* ios-ui-uitabbarcontrollerUITests.xctest */ = {isa = PBXFileReference; explicitFileType = wrapper.cfbundle; includeInIndex = 0; path = "ios-ui-uitabbarcontrollerUITests.xctest"; sourceTree = BUILT_PRODUCTS_DIR; };
		52DB53DE22D38CF2005A0F30 /* ios_ui_uitabbarcontrollerUITests.m */ = {isa = PBXFileReference; lastKnownFileType = sourcecode.c.objc; path = ios_ui_uitabbarcontrollerUITests.m; sourceTree = "<group>"; };
		52DB53E022D38CF2005A0F30 /* Info.plist */ = {isa = PBXFileReference; lastKnownFileType = text.plist.xml; path = Info.plist; sourceTree = "<group>"; };
		52DB53EF22D3931C005A0F30 /* MainTabBarViewController.h */ = {isa = PBXFileReference; fileEncoding = 4; lastKnownFileType = sourcecode.c.h; path = MainTabBarViewController.h; sourceTree = "<group>"; };
		52DB53F022D3931C005A0F30 /* MainTabBarViewController.m */ = {isa = PBXFileReference; fileEncoding = 4; lastKnownFileType = sourcecode.c.objc; path = MainTabBarViewController.m; sourceTree = "<group>"; };
/* End PBXFileReference section */

/* Begin PBXFrameworksBuildPhase section */
		52DB53B322D38CF1005A0F30 /* Frameworks */ = {
			isa = PBXFrameworksBuildPhase;
			buildActionMask = 2147483647;
			files = (
			);
			runOnlyForDeploymentPostprocessing = 0;
		};
		52DB53CC22D38CF2005A0F30 /* Frameworks */ = {
			isa = PBXFrameworksBuildPhase;
			buildActionMask = 2147483647;
			files = (
			);
			runOnlyForDeploymentPostprocessing = 0;
		};
		52DB53D722D38CF2005A0F30 /* Frameworks */ = {
			isa = PBXFrameworksBuildPhase;
			buildActionMask = 2147483647;
			files = (
			);
			runOnlyForDeploymentPostprocessing = 0;
		};
/* End PBXFrameworksBuildPhase section */

/* Begin PBXGroup section */
		52DB53AD22D38CF1005A0F30 = {
			isa = PBXGroup;
			children = (
				52DB53B822D38CF1005A0F30 /* ios-ui-uitabbarcontroller */,
				52DB53D222D38CF2005A0F30 /* ios-ui-uitabbarcontrollerTests */,
				52DB53DD22D38CF2005A0F30 /* ios-ui-uitabbarcontrollerUITests */,
				52DB53B722D38CF1005A0F30 /* Products */,
			);
			sourceTree = "<group>";
		};
		52DB53B722D38CF1005A0F30 /* Products */ = {
			isa = PBXGroup;
			children = (
				52DB53B622D38CF1005A0F30 /* ios-ui-uitabbarcontroller.app */,
				52DB53CF22D38CF2005A0F30 /* ios-ui-uitabbarcontrollerTests.xctest */,
				52DB53DA22D38CF2005A0F30 /* ios-ui-uitabbarcontrollerUITests.xctest */,
			);
			name = Products;
			sourceTree = "<group>";
		};
		52DB53B822D38CF1005A0F30 /* ios-ui-uitabbarcontroller */ = {
			isa = PBXGroup;
			children = (
				52DB53BC22D38CF1005A0F30 /* AppDelegate.h */,
				52DB53BD22D38CF1005A0F30 /* AppDelegate.m */,
				52DB53BF22D38CF1005A0F30 /* ViewController.h */,
				52DB53C022D38CF1005A0F30 /* ViewController.m */,
				52DB53C222D38CF1005A0F30 /* Main.storyboard */,
				52DB53C522D38CF1005A0F30 /* Assets.xcassets */,
				52DB53C722D38CF1005A0F30 /* LaunchScreen.storyboard */,
				52DB53CA22D38CF1005A0F30 /* Info.plist */,
				52DB53B922D38CF1005A0F30 /* Supporting Files */,
				52DB53EF22D3931C005A0F30 /* MainTabBarViewController.h */,
				52DB53F022D3931C005A0F30 /* MainTabBarViewController.m */,
			);
			path = "ios-ui-uitabbarcontroller";
			sourceTree = "<group>";
		};
		52DB53B922D38CF1005A0F30 /* Supporting Files */ = {
			isa = PBXGroup;
			children = (
				52DB53BA22D38CF1005A0F30 /* main.m */,
			);
			name = "Supporting Files";
			sourceTree = "<group>";
		};
		52DB53D222D38CF2005A0F30 /* ios-ui-uitabbarcontrollerTests */ = {
			isa = PBXGroup;
			children = (
				52DB53D322D38CF2005A0F30 /* ios_ui_uitabbarcontrollerTests.m */,
				52DB53D522D38CF2005A0F30 /* Info.plist */,
			);
			path = "ios-ui-uitabbarcontrollerTests";
			sourceTree = "<group>";
		};
		52DB53DD22D38CF2005A0F30 /* ios-ui-uitabbarcontrollerUITests */ = {
			isa = PBXGroup;
			children = (
				52DB53DE22D38CF2005A0F30 /* ios_ui_uitabbarcontrollerUITests.m */,
				52DB53E022D38CF2005A0F30 /* Info.plist */,
			);
			path = "ios-ui-uitabbarcontrollerUITests";
			sourceTree = "<group>";
		};
/* End PBXGroup section */

/* Begin PBXNativeTarget section */
		52DB53B522D38CF1005A0F30 /* ios-ui-uitabbarcontroller */ = {
			isa = PBXNativeTarget;
			buildConfigurationList = 52DB53E322D38CF2005A0F30 /* Build configuration list for PBXNativeTarget "ios-ui-uitabbarcontroller" */;
			buildPhases = (
				52DB53B222D38CF1005A0F30 /* Sources */,
				52DB53B322D38CF1005A0F30 /* Frameworks */,
				52DB53B422D38CF1005A0F30 /* Resources */,
			);
			buildRules = (
			);
			dependencies = (
			);
			name = "ios-ui-uitabbarcontroller";
			productName = "ios-ui-uitabbarcontroller";
			productReference = 52DB53B622D38CF1005A0F30 /* ios-ui-uitabbarcontroller.app */;
			productType = "com.apple.product-type.application";
		};
		52DB53CE22D38CF2005A0F30 /* ios-ui-uitabbarcontrollerTests */ = {
			isa = PBXNativeTarget;
			buildConfigurationList = 52DB53E622D38CF2005A0F30 /* Build configuration list for PBXNativeTarget "ios-ui-uitabbarcontrollerTests" */;
			buildPhases = (
				52DB53CB22D38CF2005A0F30 /* Sources */,
				52DB53CC22D38CF2005A0F30 /* Frameworks */,
				52DB53CD22D38CF2005A0F30 /* Resources */,
			);
			buildRules = (
			);
			dependencies = (
				52DB53D122D38CF2005A0F30 /* PBXTargetDependency */,
			);
			name = "ios-ui-uitabbarcontrollerTests";
			productName = "ios-ui-uitabbarcontrollerTests";
			productReference = 52DB53CF22D38CF2005A0F30 /* ios-ui-uitabbarcontrollerTests.xctest */;
			productType = "com.apple.product-type.bundle.unit-test";
		};
		52DB53D922D38CF2005A0F30 /* ios-ui-uitabbarcontrollerUITests */ = {
			isa = PBXNativeTarget;
			buildConfigurationList = 52DB53E922D38CF2005A0F30 /* Build configuration list for PBXNativeTarget "ios-ui-uitabbarcontrollerUITests" */;
			buildPhases = (
				52DB53D622D38CF2005A0F30 /* Sources */,
				52DB53D722D38CF2005A0F30 /* Frameworks */,
				52DB53D822D38CF2005A0F30 /* Resources */,
			);
			buildRules = (
			);
			dependencies = (
				52DB53DC22D38CF2005A0F30 /* PBXTargetDependency */,
			);
			name = "ios-ui-uitabbarcontrollerUITests";
			productName = "ios-ui-uitabbarcontrollerUITests";
			productReference = 52DB53DA22D38CF2005A0F30 /* ios-ui-uitabbarcontrollerUITests.xctest */;
			productType = "com.apple.product-type.bundle.ui-testing";
		};
/* End PBXNativeTarget section */

/* Begin PBXProject section */
		52DB53AE22D38CF1005A0F30 /* Project object */ = {
			isa = PBXProject;
			attributes = {
				LastUpgradeCheck = 0820;
				ORGANIZATIONNAME = future;
				TargetAttributes = {
					52DB53B522D38CF1005A0F30 = {
						CreatedOnToolsVersion = 8.2.1;
						ProvisioningStyle = Automatic;
					};
					52DB53CE22D38CF2005A0F30 = {
						CreatedOnToolsVersion = 8.2.1;
						ProvisioningStyle = Automatic;
						TestTargetID = 52DB53B522D38CF1005A0F30;
					};
					52DB53D922D38CF2005A0F30 = {
						CreatedOnToolsVersion = 8.2.1;
						ProvisioningStyle = Automatic;
						TestTargetID = 52DB53B522D38CF1005A0F30;
					};
				};
			};
			buildConfigurationList = 52DB53B122D38CF1005A0F30 /* Build configuration list for PBXProject "ios-ui-uitabbarcontroller" */;
			compatibilityVersion = "Xcode 3.2";
			developmentRegion = English;
			hasScannedForEncodings = 0;
			knownRegions = (
				en,
				Base,
			);
			mainGroup = 52DB53AD22D38CF1005A0F30;
			productRefGroup = 52DB53B722D38CF1005A0F30 /* Products */;
			projectDirPath = "";
			projectRoot = "";
			targets = (
				52DB53B522D38CF1005A0F30 /* ios-ui-uitabbarcontroller */,
				52DB53CE22D38CF2005A0F30 /* ios-ui-uitabbarcontrollerTests */,
				52DB53D922D38CF2005A0F30 /* ios-ui-uitabbarcontrollerUITests */,
			);
		};
/* End PBXProject section */

/* Begin PBXResourcesBuildPhase section */
		52DB53B422D38CF1005A0F30 /* Resources */ = {
			isa = PBXResourcesBuildPhase;
			buildActionMask = 2147483647;
			files = (
				52DB53C922D38CF1005A0F30 /* LaunchScreen.storyboard in Resources */,
				52DB53C622D38CF1005A0F30 /* Assets.xcassets in Resources */,
				52DB53C422D38CF1005A0F30 /* Main.storyboard in Resources */,
			);
			runOnlyForDeploymentPostprocessing = 0;
		};
		52DB53CD22D38CF2005A0F30 /* Resources */ = {
			isa = PBXResourcesBuildPhase;
			buildActionMask = 2147483647;
			files = (
			);
			runOnlyForDeploymentPostprocessing = 0;
		};
		52DB53D822D38CF2005A0F30 /* Resources */ = {
			isa = PBXResourcesBuildPhase;
			buildActionMask = 2147483647;
			files = (
			);
			runOnlyForDeploymentPostprocessing = 0;
		};
/* End PBXResourcesBuildPhase section */

/* Begin PBXSourcesBuildPhase section */
		52DB53B222D38CF1005A0F30 /* Sources */ = {
			isa = PBXSourcesBuildPhase;
			buildActionMask = 2147483647;
			files = (
				52DB53C122D38CF1005A0F30 /* ViewController.m in Sources */,
				52DB53F122D3931C005A0F30 /* MainTabBarViewController.m in Sources */,
				52DB53BE22D38CF1005A0F30 /* AppDelegate.m in Sources */,
				52DB53BB22D38CF1005A0F30 /* main.m in Sources */,
			);
			runOnlyForDeploymentPostprocessing = 0;
		};
		52DB53CB22D38CF2005A0F30 /* Sources */ = {
			isa = PBXSourcesBuildPhase;
			buildActionMask = 2147483647;
			files = (
				52DB53D422D38CF2005A0F30 /* ios_ui_uitabbarcontrollerTests.m in Sources */,
			);
			runOnlyForDeploymentPostprocessing = 0;
		};
		52DB53D622D38CF2005A0F30 /* Sources */ = {
			isa = PBXSourcesBuildPhase;
			buildActionMask = 2147483647;
			files = (
				52DB53DF22D38CF2005A0F30 /* ios_ui_uitabbarcontrollerUITests.m in Sources */,
			);
			runOnlyForDeploymentPostprocessing = 0;
		};
/* End PBXSourcesBuildPhase section */

/* Begin PBXTargetDependency section */
		52DB53D122D38CF2005A0F30 /* PBXTargetDependency */ = {
			isa = PBXTargetDependency;
			target = 52DB53B522D38CF1005A0F30 /* ios-ui-uitabbarcontroller */;
			targetProxy = 52DB53D022D38CF2005A0F30 /* PBXContainerItemProxy */;
		};
		52DB53DC22D38CF2005A0F30 /* PBXTargetDependency */ = {
			isa = PBXTargetDependency;
			target = 52DB53B522D38CF1005A0F30 /* ios-ui-uitabbarcontroller */;
			targetProxy = 52DB53DB22D38CF2005A0F30 /* PBXContainerItemProxy */;
		};
/* End PBXTargetDependency section */

/* Begin PBXVariantGroup section */
		52DB53C222D38CF1005A0F30 /* Main.storyboard */ = {
			isa = PBXVariantGroup;
			children = (
				52DB53C322D38CF1005A0F30 /* Base */,
			);
			name = Main.storyboard;
			sourceTree = "<group>";
		};
		52DB53C722D38CF1005A0F30 /* LaunchScreen.storyboard */ = {
			isa = PBXVariantGroup;
			children = (
				52DB53C822D38CF1005A0F30 /* Base */,
			);
			name = LaunchScreen.storyboard;
			sourceTree = "<group>";
		};
/* End PBXVariantGroup section */

/* Begin XCBuildConfiguration section */
		52DB53E122D38CF2005A0F30 /* Debug */ = {
			isa = XCBuildConfiguration;
			buildSettings = {
				ALWAYS_SEARCH_USER_PATHS = NO;
				CLANG_ANALYZER_NONNULL = YES;
				CLANG_CXX_LANGUAGE_STANDARD = "gnu++0x";
				CLANG_CXX_LIBRARY = "libc++";
				CLANG_ENABLE_MODULES = YES;
				CLANG_ENABLE_OBJC_ARC = YES;
				CLANG_WARN_BOOL_CONVERSION = YES;
				CLANG_WARN_CONSTANT_CONVERSION = YES;
				CLANG_WARN_DIRECT_OBJC_ISA_USAGE = YES_ERROR;
				CLANG_WARN_DOCUMENTATION_COMMENTS = YES;
				CLANG_WARN_EMPTY_BODY = YES;
				CLANG_WARN_ENUM_CONVERSION = YES;
				CLANG_WARN_INFINITE_RECURSION = YES;
				CLANG_WARN_INT_CONVERSION = YES;
				CLANG_WARN_OBJC_ROOT_CLASS = YES_ERROR;
				CLANG_WARN_SUSPICIOUS_MOVE = YES;
				CLANG_WARN_UNREACHABLE_CODE = YES;
				CLANG_WARN__DUPLICATE_METHOD_MATCH = YES;
				"CODE_SIGN_IDENTITY[sdk=iphoneos*]" = "iPhone Developer";
				COPY_PHASE_STRIP = NO;
				DEBUG_INFORMATION_FORMAT = dwarf;
				ENABLE_STRICT_OBJC_MSGSEND = YES;
				ENABLE_TESTABILITY = YES;
				GCC_C_LANGUAGE_STANDARD = gnu99;
				GCC_DYNAMIC_NO_PIC = NO;
				GCC_NO_COMMON_BLOCKS = YES;
				GCC_OPTIMIZATION_LEVEL = 0;
				GCC_PREPROCESSOR_DEFINITIONS = (
					"DEBUG=1",
					"$(inherited)",
				);
				GCC_WARN_64_TO_32_BIT_CONVERSION = YES;
				GCC_WARN_ABOUT_RETURN_TYPE = YES_ERROR;
				GCC_WARN_UNDECLARED_SELECTOR = YES;
				GCC_WARN_UNINITIALIZED_AUTOS = YES_AGGRESSIVE;
				GCC_WARN_UNUSED_FUNCTION = YES;
				GCC_WARN_UNUSED_VARIABLE = YES;
				IPHONEOS_DEPLOYMENT_TARGET = 10.2;
				MTL_ENABLE_DEBUG_INFO = YES;
				ONLY_ACTIVE_ARCH = YES;
				SDKROOT = iphoneos;
			};
			name = Debug;
		};
		52DB53E222D38CF2005A0F30 /* Release */ = {
			isa = XCBuildConfiguration;
			buildSettings = {
				ALWAYS_SEARCH_USER_PATHS = NO;
				CLANG_ANALYZER_NONNULL = YES;
				CLANG_CXX_LANGUAGE_STANDARD = "gnu++0x";
				CLANG_CXX_LIBRARY = "libc++";
				CLANG_ENABLE_MODULES = YES;
				CLANG_ENABLE_OBJC_ARC = YES;
				CLANG_WARN_BOOL_CONVERSION = YES;
				CLANG_WARN_CONSTANT_CONVERSION = YES;
				CLANG_WARN_DIRECT_OBJC_ISA_USAGE = YES_ERROR;
				CLANG_WARN_DOCUMENTATION_COMMENTS = YES;
				CLANG_WARN_EMPTY_BODY = YES;
				CLANG_WARN_ENUM_CONVERSION = YES;
				CLANG_WARN_INFINITE_RECURSION = YES;
				CLANG_WARN_INT_CONVERSION = YES;
				CLANG_WARN_OBJC_ROOT_CLASS = YES_ERROR;
				CLANG_WARN_SUSPICIOUS_MOVE = YES;
				CLANG_WARN_UNREACHABLE_CODE = YES;
				CLANG_WARN__DUPLICATE_METHOD_MATCH = YES;
				"CODE_SIGN_IDENTITY[sdk=iphoneos*]" = "iPhone Developer";
				COPY_PHASE_STRIP = NO;
				DEBUG_INFORMATION_FORMAT = "dwarf-with-dsym";
				ENABLE_NS_ASSERTIONS = NO;
				ENABLE_STRICT_OBJC_MSGSEND = YES;
				GCC_C_LANGUAGE_STANDARD = gnu99;
				GCC_NO_COMMON_BLOCKS = YES;
				GCC_WARN_64_TO_32_BIT_CONVERSION = YES;
				GCC_WARN_ABOUT_RETURN_TYPE = YES_ERROR;
				GCC_WARN_UNDECLARED_SELECTOR = YES;
				GCC_WARN_UNINITIALIZED_AUTOS = YES_AGGRESSIVE;
				GCC_WARN_UNUSED_FUNCTION = YES;
				GCC_WARN_UNUSED_VARIABLE = YES;
				IPHONEOS_DEPLOYMENT_TARGET = 10.2;
				MTL_ENABLE_DEBUG_INFO = NO;
				SDKROOT = iphoneos;
				VALIDATE_PRODUCT = YES;
			};
			name = Release;
		};
		52DB53E422D38CF2005A0F30 /* Debug */ = {
			isa = XCBuildConfiguration;
			buildSettings = {
				ASSETCATALOG_COMPILER_APPICON_NAME = AppIcon;
				INFOPLIST_FILE = "ios-ui-uitabbarcontroller/Info.plist";
				LD_RUNPATH_SEARCH_PATHS = "$(inherited) @executable_path/Frameworks";
				PRODUCT_BUNDLE_IDENTIFIER = "com.future.demo.ios.ios-ui-uitabbarcontroller";
				PRODUCT_NAME = "$(TARGET_NAME)";
			};
			name = Debug;
		};
		52DB53E522D38CF2005A0F30 /* Release */ = {
			isa = XCBuildConfiguration;
			buildSettings = {
				ASSETCATALOG_COMPILER_APPICON_NAME = AppIcon;
				INFOPLIST_FILE = "ios-ui-uitabbarcontroller/Info.plist";
				LD_RUNPATH_SEARCH_PATHS = "$(inherited) @executable_path/Frameworks";
				PRODUCT_BUNDLE_IDENTIFIER = "com.future.demo.ios.ios-ui-uitabbarcontroller";
				PRODUCT_NAME = "$(TARGET_NAME)";
			};
			name = Release;
		};
		52DB53E722D38CF2005A0F30 /* Debug */ = {
			isa = XCBuildConfiguration;
			buildSettings = {
				BUNDLE_LOADER = "$(TEST_HOST)";
				INFOPLIST_FILE = "ios-ui-uitabbarcontrollerTests/Info.plist";
				LD_RUNPATH_SEARCH_PATHS = "$(inherited) @executable_path/Frameworks @loader_path/Frameworks";
				PRODUCT_BUNDLE_IDENTIFIER = "com.future.demo.ios.ios-ui-uitabbarcontrollerTests";
				PRODUCT_NAME = "$(TARGET_NAME)";
				TEST_HOST = "$(BUILT_PRODUCTS_DIR)/ios-ui-uitabbarcontroller.app/ios-ui-uitabbarcontroller";
			};
			name = Debug;
		};
		52DB53E822D38CF2005A0F30 /* Release */ = {
			isa = XCBuildConfiguration;
			buildSettings = {
				BUNDLE_LOADER = "$(TEST_HOST)";
				INFOPLIST_FILE = "ios-ui-uitabbarcontrollerTests/Info.plist";
				LD_RUNPATH_SEARCH_PATHS = "$(inherited) @executable_path/Frameworks @loader_path/Frameworks";
				PRODUCT_BUNDLE_IDENTIFIER = "com.future.demo.ios.ios-ui-uitabbarcontrollerTests";
				PRODUCT_NAME = "$(TARGET_NAME)";
				TEST_HOST = "$(BUILT_PRODUCTS_DIR)/ios-ui-uitabbarcontroller.app/ios-ui-uitabbarcontroller";
			};
			name = Release;
		};
		52DB53EA22D38CF2005A0F30 /* Debug */ = {
			isa = XCBuildConfiguration;
			buildSettings = {
				INFOPLIST_FILE = "ios-ui-uitabbarcontrollerUITests/Info.plist";
				LD_RUNPATH_SEARCH_PATHS = "$(inherited) @executable_path/Frameworks @loader_path/Frameworks";
				PRODUCT_BUNDLE_IDENTIFIER = "com.future.demo.ios.ios-ui-uitabbarcontrollerUITests";
				PRODUCT_NAME = "$(TARGET_NAME)";
				TEST_TARGET_NAME = "ios-ui-uitabbarcontroller";
			};
			name = Debug;
		};
		52DB53EB22D38CF2005A0F30 /* Release */ = {
			isa = XCBuildConfiguration;
			buildSettings = {
				INFOPLIST_FILE = "ios-ui-uitabbarcontrollerUITests/Info.plist";
				LD_RUNPATH_SEARCH_PATHS = "$(inherited) @executable_path/Frameworks @loader_path/Frameworks";
				PRODUCT_BUNDLE_IDENTIFIER = "com.future.demo.ios.ios-ui-uitabbarcontrollerUITests";
				PRODUCT_NAME = "$(TARGET_NAME)";
				TEST_TARGET_NAME = "ios-ui-uitabbarcontroller";
			};
			name = Release;
		};
/* End XCBuildConfiguration section */

/* Begin XCConfigurationList section */
		52DB53B122D38CF1005A0F30 /* Build configuration list for PBXProject "ios-ui-uitabbarcontroller" */ = {
			isa = XCConfigurationList;
			buildConfigurations = (
				52DB53E122D38CF2005A0F30 /* Debug */,
				52DB53E222D38CF2005A0F30 /* Release */,
			);
			defaultConfigurationIsVisible = 0;
			defaultConfigurationName = Release;
		};
		52DB53E322D38CF2005A0F30 /* Build configuration list for PBXNativeTarget "ios-ui-uitabbarcontroller" */ = {
			isa = XCConfigurationList;
			buildConfigurations = (
				52DB53E422D38CF2005A0F30 /* Debug */,
				52DB53E522D38CF2005A0F30 /* Release */,
			);
			defaultConfigurationIsVisible = 0;
		};
		52DB53E622D38CF2005A0F30 /* Build configuration list for PBXNativeTarget "ios-ui-uitabbarcontrollerTests" */ = {
			isa = XCConfigurationList;
			buildConfigurations = (
				52DB53E722D38CF2005A0F30 /* Debug */,
				52DB53E822D38CF2005A0F30 /* Release */,
			);
			defaultConfigurationIsVisible = 0;
		};
		52DB53E922D38CF2005A0F30 /* Build configuration list for PBXNativeTarget "ios-ui-uitabbarcontrollerUITests" */ = {
			isa = XCConfigurationList;
			buildConfigurations = (
				52DB53EA22D38CF2005A0F30 /* Debug */,
				52DB53EB22D38CF2005A0F30 /* Release */,
			);
			defaultConfigurationIsVisible = 0;
		};
/* End XCConfigurationList section */
	};
	rootObject = 52DB53AE22D38CF1005A0F30 /* Project object */;
}
